{
  "name": "@heher/sunset-lights",
  "version": "1.0.0",
  "lockfileVersion": 3,
  "requires": true,
  "packages": {
    "": {
      "name": "@heher/sunset-lights",
      "version": "1.0.0",
      "license": "Apache-2.0",
      "dependencies": {
        "dotenv": "^16.0.0",
        "dotenv-parse-variables": "^2.0.0",
        "luxon": "^2.3.2",
        "node-hue-api": "5.0.0-beta.13",
        "suncalc": "^1.9.0"
      },
      "devDependencies": {
        "@types/dotenv-parse-variables": "^2.0.1",
        "@types/luxon": "^3.3.1",
        "@types/node": "^20.5.0",
        "@types/suncalc": "^1.9.0",
        "typescript": "^5.1.6"
      }
    },
    "node_modules/@peter-murray/hue-bridge-model": {
      "version": "2.0.4",
      "resolved": "https://registry.npmjs.org/@peter-murray/hue-bridge-model/-/hue-bridge-model-2.0.4.tgz",
      "integrity": "sha512-Vb4JnSUDqLCJgOT9j4wRddPZIw80Viz3Ou64FVYqvdCILNutBv0YZPCkolZm5wOFNgxSEvsSTQxxjcvPsgwweg==",
      "engines": {
        "node": ">= 10.0.0"
      }
    },
    "node_modules/@types/dotenv-parse-variables": {
      "version": "2.0.1",
      "resolved": "https://registry.npmjs.org/@types/dotenv-parse-variables/-/dotenv-parse-variables-2.0.1.tgz",
      "integrity": "sha512-yVpxNd1MxSno/Jjen+Kepjif9h/HyqOu7jSuB4rD7yWUgNbuNMzhiqRj5LQl99T635JbZbGwoebfrZBlipazAA==",
      "dev": true
    },
    "node_modules/@types/luxon": {
      "version": "3.3.2",
      "resolved": "https://registry.npmjs.org/@types/luxon/-/luxon-3.3.2.tgz",
      "integrity": "sha512-l5cpE57br4BIjK+9BSkFBOsWtwv6J9bJpC7gdXIzZyI0vuKvNTk0wZZrkQxMGsUAuGW9+WMNWF2IJMD7br2yeQ==",
      "dev": true
    },
    "node_modules/@types/node": {
      "version": "20.8.4",
      "resolved": "https://registry.npmjs.org/@types/node/-/node-20.8.4.tgz",
      "integrity": "sha512-ZVPnqU58giiCjSxjVUESDtdPk4QR5WQhhINbc9UBrKLU68MX5BF6kbQzTrkwbolyr0X8ChBpXfavr5mZFKZQ5A==",
      "dev": true,
      "dependencies": {
        "undici-types": "~5.25.1"
      }
    },
    "node_modules/@types/suncalc": {
      "version": "1.9.0",
      "resolved": "https://registry.npmjs.org/@types/suncalc/-/suncalc-1.9.0.tgz",
      "integrity": "sha512-+c2wOhgyG5ZTtxfC8XG5SGY36HNlXYaPqv/mqBbjXn3iKWx0Lj375AShoKbjF1MCGoXFhSl3jLlmxTksjaGyZQ==",
      "dev": true
    },
    "node_modules/bottleneck": {
      "version": "2.19.5",
      "resolved": "https://registry.npmjs.org/bottleneck/-/bottleneck-2.19.5.tgz",
      "integrity": "sha512-VHiNCbI1lKdl44tGrhNfU3lup0Tj/ZBMJB5/2ZbNXRCPuRCO7ed2mgcK4r17y+KB2EfuYuRaVlwNbAeaWGSpbw=="
    },
    "node_modules/dotenv": {
      "version": "16.0.0",
      "resolved": "https://registry.npmjs.org/dotenv/-/dotenv-16.0.0.tgz",
      "integrity": "sha512-qD9WU0MPM4SWLPJy/r2Be+2WgQj8plChsyrCNQzW/0WjvcJQiKQJ9mH3ZgB3fxbUUxgc/11ZJ0Fi5KiimWGz2Q==",
      "engines": {
        "node": ">=12"
      }
    },
    "node_modules/dotenv-parse-variables": {
      "version": "2.0.0",
      "resolved": "https://registry.npmjs.org/dotenv-parse-variables/-/dotenv-parse-variables-2.0.0.tgz",
      "integrity": "sha512-/Tezlx6xpDqR6zKg1V4vLCeQtHWiELhWoBz5A/E0+A1lXN9iIkNbbfc4THSymS0LQUo8F1PMiIwVG8ai/HrnSA==",
      "dependencies": {
        "debug": "^4.3.1",
        "is-string-and-not-blank": "^0.0.2"
      },
      "engines": {
        "node": ">= 8.3.0"
      }
    },
    "node_modules/dotenv-parse-variables/node_modules/debug": {
      "version": "4.3.4",
      "resolved": "https://registry.npmjs.org/debug/-/debug-4.3.4.tgz",
      "integrity": "sha512-PRWFHuSU3eDtQJPvnNY7Jcket1j0t5OuOsFzPPzsekD52Zl8qUfFIPEiswXqIvHWGVHOgX+7G/vCNNhehwxfkQ==",
      "dependencies": {
        "ms": "2.1.2"
      },
      "engines": {
        "node": ">=6.0"
      },
      "peerDependenciesMeta": {
        "supports-color": {
          "optional": true
        }
      }
    },
    "node_modules/dotenv-parse-variables/node_modules/ms": {
      "version": "2.1.2",
      "resolved": "https://registry.npmjs.org/ms/-/ms-2.1.2.tgz",
      "integrity": "sha512-sGkPx+VjMtmA6MX27oA4FBFELFCZZ4S4XqeGOXCv68tT+jb3vk/RyaKWP0PTKyWtmLSM0b+adUTEvbs1PEaH2w=="
    },
    "node_modules/is-string-and-not-blank": {
      "version": "0.0.2",
      "resolved": "https://registry.npmjs.org/is-string-and-not-blank/-/is-string-and-not-blank-0.0.2.tgz",
      "integrity": "sha512-FyPGAbNVyZpTeDCTXnzuwbu9/WpNXbCfbHXLpCRpN4GANhS00eEIP5Ef+k5HYSNIzIhdN9zRDoBj6unscECvtQ==",
      "dependencies": {
        "is-string-blank": "^1.0.1"
      },
      "engines": {
        "node": ">=6.4.0"
      }
    },
    "node_modules/is-string-blank": {
      "version": "1.0.1",
      "resolved": "https://registry.npmjs.org/is-string-blank/-/is-string-blank-1.0.1.tgz",
      "integrity": "sha512-9H+ZBCVs3L9OYqv8nuUAzpcT9OTgMD1yAWrG7ihlnibdkbtB850heAmYWxHuXc4CHy4lKeK69tN+ny1K7gBIrw=="
    },
    "node_modules/luxon": {
      "version": "2.5.2",
      "resolved": "https://registry.npmjs.org/luxon/-/luxon-2.5.2.tgz",
      "integrity": "sha512-Yg7/RDp4nedqmLgyH0LwgGRvMEKVzKbUdkBYyCosbHgJ+kaOUx0qzSiSatVc3DFygnirTPYnMM2P5dg2uH1WvA==",
      "engines": {
        "node": ">=12"
      }
    },
    "node_modules/node-fetch": {
      "version": "2.6.7",
      "resolved": "https://registry.npmjs.org/node-fetch/-/node-fetch-2.6.7.tgz",
      "integrity": "sha512-ZjMPFEfVx5j+y2yF35Kzx5sF7kDzxuDj6ziH4FFbOp87zKDZNx8yExJIb05OGF4Nlt9IHFIMBkRl41VdvcNdbQ==",
      "dependencies": {
        "whatwg-url": "^5.0.0"
      },
      "engines": {
        "node": "4.x || >=6.0.0"
      },
      "peerDependencies": {
        "encoding": "^0.1.0"
      },
      "peerDependenciesMeta": {
        "encoding": {
          "optional": true
        }
      }
    },
    "node_modules/node-hue-api": {
      "version": "5.0.0-beta.13",
      "resolved": "https://registry.npmjs.org/node-hue-api/-/node-hue-api-5.0.0-beta.13.tgz",
      "integrity": "sha512-DedPjqveYYChq919eMlQKAmggbOBL6nZCytG/8nhe1yShdN1vbxrlMnHcPYyp21zJ8JkslpaUcNJ40ZmE/eiow==",
      "dependencies": {
        "@peter-murray/hue-bridge-model": "^2.0.1",
        "bottleneck": "^2.19.5",
        "node-fetch": "^2.6.1"
      },
      "engines": {
        "node": ">= 12.0.0"
      }
    },
    "node_modules/suncalc": {
      "version": "1.9.0",
      "resolved": "https://registry.npmjs.org/suncalc/-/suncalc-1.9.0.tgz",
      "integrity": "sha512-vMJ8Byp1uIPoj+wb9c1AdK4jpkSKVAywgHX0lqY7zt6+EWRRC3Z+0Ucfjy/0yxTVO1hwwchZe4uoFNqrIC24+A=="
    },
    "node_modules/tr46": {
      "version": "0.0.3",
      "resolved": "https://registry.npmjs.org/tr46/-/tr46-0.0.3.tgz",
      "integrity": "sha1-gYT9NH2snNwYWZLzpmIuFLnZq2o="
    },
    "node_modules/typescript": {
      "version": "5.2.2",
      "resolved": "https://registry.npmjs.org/typescript/-/typescript-5.2.2.tgz",
      "integrity": "sha512-mI4WrpHsbCIcwT9cF4FZvr80QUeKvsUsUvKDoR+X/7XHQH98xYD8YHZg7ANtz2GtZt/CBq2QJ0thkGJMHfqc1w==",
      "dev": true,
      "bin": {
        "tsc": "bin/tsc",
        "tsserver": "bin/tsserver"
      },
      "engines": {
        "node": ">=14.17"
      }
    },
    "node_modules/undici-types": {
      "version": "5.25.3",
      "resolved": "https://registry.npmjs.org/undici-types/-/undici-types-5.25.3.tgz",
      "integrity": "sha512-Ga1jfYwRn7+cP9v8auvEXN1rX3sWqlayd4HP7OKk4mZWylEmu3KzXDUGrQUN6Ol7qo1gPvB2e5gX6udnyEPgdA==",
      "dev": true
    },
    "node_modules/webidl-conversions": {
      "version": "3.0.1",
      "resolved": "https://registry.npmjs.org/webidl-conversions/-/webidl-conversions-3.0.1.tgz",
      "integrity": "sha1-JFNCdeKnvGvnvIZhHMFq4KVlSHE="
    },
    "node_modules/whatwg-url": {
      "version": "5.0.0",
      "resolved": "https://registry.npmjs.org/whatwg-url/-/whatwg-url-5.0.0.tgz",
      "integrity": "sha1-lmRU6HZUYuN2RNNib2dCzotwll0=",
      "dependencies": {
        "tr46": "~0.0.3",
        "webidl-conversions": "^3.0.0"
      }
    }
  }
}
